
Microsoft Visual Studio Solution File, Format Version 11.00
# Visual Studio 2010
Project("{8BC9CEB8-8B4A-11D0-8D11-00A0C91BC942}") = "demo", "Demo\demo.vcxproj", "{78352A2C-B8D6-F0CC-E104-E91F6EF7C706}"
EndProject
Project("{8BC9CEB8-8B4A-11D0-8D11-00A0C91BC942}") = "D3D9 Hook", "D3D9\D3D9 Hook.vcxproj", "{CC6BB072-5E73-BD94-2847-AA885DFC4FAD}"
	ProjectSection(ProjectDependencies) = postProject
		{65021938-D251-46FA-BC3D-85C385D4C06D} = {65021938-D251-46FA-BC3D-85C385D4C06D}
	EndProjectSection
EndProject
Project("{8BC9CEB8-8B4A-11D0-8D11-00A0C91BC942}") = "D3D8 Hook", "D3D8\D3D8 Hook.vcxproj", "{1A4D813D-D552-176C-3ECA-B60C6B752382}"
EndProject
Project("{8BC9CEB8-8B4A-11D0-8D11-00A0C91BC942}") = "newloader", "NewLoader\newloader.vcxproj", "{E6FB3BF5-D7C9-42D3-8866-8C64D15FC2E9}"
EndProject
Project("{8BC9CEB8-8B4A-11D0-8D11-00A0C91BC942}") = "libMinHook", "MinHook\libMinHook.vcxproj", "{65021938-D251-46FA-BC3D-85C385D4C06D}"
EndProject
Project("{FAE04EC0-301F-11D3-BF4B-00C04F79EFBC}") = "Monitor Application", "Monitor Application\Monitor Application.csproj", "{80C6F1FC-7A48-43F6-A2A4-969A359C2141}"
EndProject
Project("{FAE04EC0-301F-11D3-BF4B-00C04F79EFBC}") = "SimpitXAssist32", "SimpitXAssist32\SimpitXAssist32.csproj", "{C156FF4E-CE2C-4106-8E4F-85087BB6CF0B}"
EndProject
Global
	GlobalSection(SolutionConfigurationPlatforms) = preSolution
		Debug|Any CPU = Debug|Any CPU
		Debug|Mixed Platforms = Debug|Mixed Platforms
		Debug|Win32 = Debug|Win32
		Debug|x64 = Debug|x64
		Debug|x86 = Debug|x86
		DebugNonMFC|Any CPU = DebugNonMFC|Any CPU
		DebugNonMFC|Mixed Platforms = DebugNonMFC|Mixed Platforms
		DebugNonMFC|Win32 = DebugNonMFC|Win32
		DebugNonMFC|x64 = DebugNonMFC|x64
		DebugNonMFC|x86 = DebugNonMFC|x86
		Release|Any CPU = Release|Any CPU
		Release|Mixed Platforms = Release|Mixed Platforms
		Release|Win32 = Release|Win32
		Release|x64 = Release|x64
		Release|x86 = Release|x86
	EndGlobalSection
	GlobalSection(ProjectConfigurationPlatforms) = postSolution
		{78352A2C-B8D6-F0CC-E104-E91F6EF7C706}.Debug|Any CPU.ActiveCfg = Debug|x64
		{78352A2C-B8D6-F0CC-E104-E91F6EF7C706}.Debug|Mixed Platforms.ActiveCfg = Debug|x64
		{78352A2C-B8D6-F0CC-E104-E91F6EF7C706}.Debug|Mixed Platforms.Build.0 = Debug|x64
		{78352A2C-B8D6-F0CC-E104-E91F6EF7C706}.Debug|Win32.ActiveCfg = Debug|Win32
		{78352A2C-B8D6-F0CC-E104-E91F6EF7C706}.Debug|Win32.Build.0 = Debug|Win32
		{78352A2C-B8D6-F0CC-E104-E91F6EF7C706}.Debug|x64.ActiveCfg = Debug|x64
		{78352A2C-B8D6-F0CC-E104-E91F6EF7C706}.Debug|x64.Build.0 = Debug|x64
		{78352A2C-B8D6-F0CC-E104-E91F6EF7C706}.Debug|x86.ActiveCfg = Debug|x64
		{78352A2C-B8D6-F0CC-E104-E91F6EF7C706}.DebugNonMFC|Any CPU.ActiveCfg = Debug|x64
		{78352A2C-B8D6-F0CC-E104-E91F6EF7C706}.DebugNonMFC|Mixed Platforms.ActiveCfg = Debug|x64
		{78352A2C-B8D6-F0CC-E104-E91F6EF7C706}.DebugNonMFC|Mixed Platforms.Build.0 = Debug|x64
		{78352A2C-B8D6-F0CC-E104-E91F6EF7C706}.DebugNonMFC|Win32.ActiveCfg = Debug|x64
		{78352A2C-B8D6-F0CC-E104-E91F6EF7C706}.DebugNonMFC|x64.ActiveCfg = Debug|x64
		{78352A2C-B8D6-F0CC-E104-E91F6EF7C706}.DebugNonMFC|x64.Build.0 = Debug|x64
		{78352A2C-B8D6-F0CC-E104-E91F6EF7C706}.DebugNonMFC|x86.ActiveCfg = Debug|x64
		{78352A2C-B8D6-F0CC-E104-E91F6EF7C706}.Release|Any CPU.ActiveCfg = Release|x64
		{78352A2C-B8D6-F0CC-E104-E91F6EF7C706}.Release|Mixed Platforms.ActiveCfg = Release|x64
		{78352A2C-B8D6-F0CC-E104-E91F6EF7C706}.Release|Mixed Platforms.Build.0 = Release|x64
		{78352A2C-B8D6-F0CC-E104-E91F6EF7C706}.Release|Win32.ActiveCfg = Release|Win32
		{78352A2C-B8D6-F0CC-E104-E91F6EF7C706}.Release|Win32.Build.0 = Release|Win32
		{78352A2C-B8D6-F0CC-E104-E91F6EF7C706}.Release|x64.ActiveCfg = Release|x64
		{78352A2C-B8D6-F0CC-E104-E91F6EF7C706}.Release|x64.Build.0 = Release|x64
		{78352A2C-B8D6-F0CC-E104-E91F6EF7C706}.Release|x86.ActiveCfg = Release|x64
		{CC6BB072-5E73-BD94-2847-AA885DFC4FAD}.Debug|Any CPU.ActiveCfg = Debug|x64
		{CC6BB072-5E73-BD94-2847-AA885DFC4FAD}.Debug|Mixed Platforms.ActiveCfg = Debug|x64
		{CC6BB072-5E73-BD94-2847-AA885DFC4FAD}.Debug|Mixed Platforms.Build.0 = Debug|x64
		{CC6BB072-5E73-BD94-2847-AA885DFC4FAD}.Debug|Win32.ActiveCfg = Debug|Win32
		{CC6BB072-5E73-BD94-2847-AA885DFC4FAD}.Debug|Win32.Build.0 = Debug|Win32
		{CC6BB072-5E73-BD94-2847-AA885DFC4FAD}.Debug|x64.ActiveCfg = Debug|x64
		{CC6BB072-5E73-BD94-2847-AA885DFC4FAD}.Debug|x64.Build.0 = Debug|x64
		{CC6BB072-5E73-BD94-2847-AA885DFC4FAD}.Debug|x86.ActiveCfg = Debug|x64
		{CC6BB072-5E73-BD94-2847-AA885DFC4FAD}.DebugNonMFC|Any CPU.ActiveCfg = Debug|x64
		{CC6BB072-5E73-BD94-2847-AA885DFC4FAD}.DebugNonMFC|Mixed Platforms.ActiveCfg = Debug|x64
		{CC6BB072-5E73-BD94-2847-AA885DFC4FAD}.DebugNonMFC|Mixed Platforms.Build.0 = Debug|x64
		{CC6BB072-5E73-BD94-2847-AA885DFC4FAD}.DebugNonMFC|Win32.ActiveCfg = Debug|x64
		{CC6BB072-5E73-BD94-2847-AA885DFC4FAD}.DebugNonMFC|x64.ActiveCfg = Debug|x64
		{CC6BB072-5E73-BD94-2847-AA885DFC4FAD}.DebugNonMFC|x64.Build.0 = Debug|x64
		{CC6BB072-5E73-BD94-2847-AA885DFC4FAD}.DebugNonMFC|x86.ActiveCfg = Debug|x64
		{CC6BB072-5E73-BD94-2847-AA885DFC4FAD}.Release|Any CPU.ActiveCfg = Release|x64
		{CC6BB072-5E73-BD94-2847-AA885DFC4FAD}.Release|Mixed Platforms.ActiveCfg = Release|x64
		{CC6BB072-5E73-BD94-2847-AA885DFC4FAD}.Release|Mixed Platforms.Build.0 = Release|x64
		{CC6BB072-5E73-BD94-2847-AA885DFC4FAD}.Release|Win32.ActiveCfg = Release|Win32
		{CC6BB072-5E73-BD94-2847-AA885DFC4FAD}.Release|Win32.Build.0 = Release|Win32
		{CC6BB072-5E73-BD94-2847-AA885DFC4FAD}.Release|x64.ActiveCfg = Release|x64
		{CC6BB072-5E73-BD94-2847-AA885DFC4FAD}.Release|x64.Build.0 = Release|x64
		{CC6BB072-5E73-BD94-2847-AA885DFC4FAD}.Release|x86.ActiveCfg = Release|x64
		{1A4D813D-D552-176C-3ECA-B60C6B752382}.Debug|Any CPU.ActiveCfg = Debug|Win32
		{1A4D813D-D552-176C-3ECA-B60C6B752382}.Debug|Mixed Platforms.ActiveCfg = Debug|Win32
		{1A4D813D-D552-176C-3ECA-B60C6B752382}.Debug|Win32.ActiveCfg = Debug|Win32
		{1A4D813D-D552-176C-3ECA-B60C6B752382}.Debug|Win32.Build.0 = Debug|Win32
		{1A4D813D-D552-176C-3ECA-B60C6B752382}.Debug|x64.ActiveCfg = Debug|Win32
		{1A4D813D-D552-176C-3ECA-B60C6B752382}.Debug|x86.ActiveCfg = Debug|Win32
		{1A4D813D-D552-176C-3ECA-B60C6B752382}.DebugNonMFC|Any CPU.ActiveCfg = Debug|Win32
		{1A4D813D-D552-176C-3ECA-B60C6B752382}.DebugNonMFC|Mixed Platforms.ActiveCfg = Debug|Win32
		{1A4D813D-D552-176C-3ECA-B60C6B752382}.DebugNonMFC|Win32.ActiveCfg = Debug|Win32
		{1A4D813D-D552-176C-3ECA-B60C6B752382}.DebugNonMFC|x64.ActiveCfg = Debug|Win32
		{1A4D813D-D552-176C-3ECA-B60C6B752382}.DebugNonMFC|x86.ActiveCfg = Debug|Win32
		{1A4D813D-D552-176C-3ECA-B60C6B752382}.Release|Any CPU.ActiveCfg = Release|Win32
		{1A4D813D-D552-176C-3ECA-B60C6B752382}.Release|Mixed Platforms.ActiveCfg = Release|Win32
		{1A4D813D-D552-176C-3ECA-B60C6B752382}.Release|Win32.ActiveCfg = Release|Win32
		{1A4D813D-D552-176C-3ECA-B60C6B752382}.Release|Win32.Build.0 = Release|Win32
		{1A4D813D-D552-176C-3ECA-B60C6B752382}.Release|x64.ActiveCfg = Release|Win32
		{1A4D813D-D552-176C-3ECA-B60C6B752382}.Release|x86.ActiveCfg = Release|Win32
		{E6FB3BF5-D7C9-42D3-8866-8C64D15FC2E9}.Debug|Any CPU.ActiveCfg = Debug|x64
		{E6FB3BF5-D7C9-42D3-8866-8C64D15FC2E9}.Debug|Mixed Platforms.ActiveCfg = Debug|x64
		{E6FB3BF5-D7C9-42D3-8866-8C64D15FC2E9}.Debug|Mixed Platforms.Build.0 = Debug|x64
		{E6FB3BF5-D7C9-42D3-8866-8C64D15FC2E9}.Debug|Win32.ActiveCfg = Debug|Win32
		{E6FB3BF5-D7C9-42D3-8866-8C64D15FC2E9}.Debug|Win32.Build.0 = Debug|Win32
		{E6FB3BF5-D7C9-42D3-8866-8C64D15FC2E9}.Debug|x64.ActiveCfg = Debug|x64
		{E6FB3BF5-D7C9-42D3-8866-8C64D15FC2E9}.Debug|x64.Build.0 = Debug|x64
		{E6FB3BF5-D7C9-42D3-8866-8C64D15FC2E9}.Debug|x86.ActiveCfg = Debug|x64
		{E6FB3BF5-D7C9-42D3-8866-8C64D15FC2E9}.DebugNonMFC|Any CPU.ActiveCfg = Debug|x64
		{E6FB3BF5-D7C9-42D3-8866-8C64D15FC2E9}.DebugNonMFC|Mixed Platforms.ActiveCfg = Debug|x64
		{E6FB3BF5-D7C9-42D3-8866-8C64D15FC2E9}.DebugNonMFC|Mixed Platforms.Build.0 = Debug|x64
		{E6FB3BF5-D7C9-42D3-8866-8C64D15FC2E9}.DebugNonMFC|Win32.ActiveCfg = Debug|x64
		{E6FB3BF5-D7C9-42D3-8866-8C64D15FC2E9}.DebugNonMFC|x64.ActiveCfg = Debug|x64
		{E6FB3BF5-D7C9-42D3-8866-8C64D15FC2E9}.DebugNonMFC|x64.Build.0 = Debug|x64
		{E6FB3BF5-D7C9-42D3-8866-8C64D15FC2E9}.DebugNonMFC|x86.ActiveCfg = Debug|x64
		{E6FB3BF5-D7C9-42D3-8866-8C64D15FC2E9}.Release|Any CPU.ActiveCfg = Release|x64
		{E6FB3BF5-D7C9-42D3-8866-8C64D15FC2E9}.Release|Mixed Platforms.ActiveCfg = Release|x64
		{E6FB3BF5-D7C9-42D3-8866-8C64D15FC2E9}.Release|Mixed Platforms.Build.0 = Release|x64
		{E6FB3BF5-D7C9-42D3-8866-8C64D15FC2E9}.Release|Win32.ActiveCfg = Release|Win32
		{E6FB3BF5-D7C9-42D3-8866-8C64D15FC2E9}.Release|Win32.Build.0 = Release|Win32
		{E6FB3BF5-D7C9-42D3-8866-8C64D15FC2E9}.Release|x64.ActiveCfg = Release|x64
		{E6FB3BF5-D7C9-42D3-8866-8C64D15FC2E9}.Release|x64.Build.0 = Release|x64
		{E6FB3BF5-D7C9-42D3-8866-8C64D15FC2E9}.Release|x86.ActiveCfg = Release|x64
		{65021938-D251-46FA-BC3D-85C385D4C06D}.Debug|Any CPU.ActiveCfg = Debug|x64
		{65021938-D251-46FA-BC3D-85C385D4C06D}.Debug|Mixed Platforms.ActiveCfg = Debug|x64
		{65021938-D251-46FA-BC3D-85C385D4C06D}.Debug|Mixed Platforms.Build.0 = Debug|x64
		{65021938-D251-46FA-BC3D-85C385D4C06D}.Debug|Win32.ActiveCfg = Debug|Win32
		{65021938-D251-46FA-BC3D-85C385D4C06D}.Debug|Win32.Build.0 = Debug|Win32
		{65021938-D251-46FA-BC3D-85C385D4C06D}.Debug|x64.ActiveCfg = Debug|x64
		{65021938-D251-46FA-BC3D-85C385D4C06D}.Debug|x64.Build.0 = Debug|x64
		{65021938-D251-46FA-BC3D-85C385D4C06D}.Debug|x86.ActiveCfg = Debug|x64
		{65021938-D251-46FA-BC3D-85C385D4C06D}.DebugNonMFC|Any CPU.ActiveCfg = Debug|x64
		{65021938-D251-46FA-BC3D-85C385D4C06D}.DebugNonMFC|Mixed Platforms.ActiveCfg = Debug|x64
		{65021938-D251-46FA-BC3D-85C385D4C06D}.DebugNonMFC|Mixed Platforms.Build.0 = Debug|x64
		{65021938-D251-46FA-BC3D-85C385D4C06D}.DebugNonMFC|Win32.ActiveCfg = Debug|x64
		{65021938-D251-46FA-BC3D-85C385D4C06D}.DebugNonMFC|x64.ActiveCfg = Debug|x64
		{65021938-D251-46FA-BC3D-85C385D4C06D}.DebugNonMFC|x64.Build.0 = Debug|x64
		{65021938-D251-46FA-BC3D-85C385D4C06D}.DebugNonMFC|x86.ActiveCfg = Debug|x64
		{65021938-D251-46FA-BC3D-85C385D4C06D}.Release|Any CPU.ActiveCfg = Release|x64
		{65021938-D251-46FA-BC3D-85C385D4C06D}.Release|Mixed Platforms.ActiveCfg = Release|x64
		{65021938-D251-46FA-BC3D-85C385D4C06D}.Release|Mixed Platforms.Build.0 = Release|x64
		{65021938-D251-46FA-BC3D-85C385D4C06D}.Release|Win32.ActiveCfg = Release|Win32
		{65021938-D251-46FA-BC3D-85C385D4C06D}.Release|Win32.Build.0 = Release|Win32
		{65021938-D251-46FA-BC3D-85C385D4C06D}.Release|x64.ActiveCfg = Release|x64
		{65021938-D251-46FA-BC3D-85C385D4C06D}.Release|x64.Build.0 = Release|x64
		{65021938-D251-46FA-BC3D-85C385D4C06D}.Release|x86.ActiveCfg = Release|x64
		{80C6F1FC-7A48-43F6-A2A4-969A359C2141}.Debug|Any CPU.ActiveCfg = Debug|Any CPU
		{80C6F1FC-7A48-43F6-A2A4-969A359C2141}.Debug|Any CPU.Build.0 = Debug|Any CPU
		{80C6F1FC-7A48-43F6-A2A4-969A359C2141}.Debug|Mixed Platforms.ActiveCfg = Debug|Any CPU
		{80C6F1FC-7A48-43F6-A2A4-969A359C2141}.Debug|Mixed Platforms.Build.0 = Debug|Any CPU
		{80C6F1FC-7A48-43F6-A2A4-969A359C2141}.Debug|Win32.ActiveCfg = Debug|Any CPU
		{80C6F1FC-7A48-43F6-A2A4-969A359C2141}.Debug|Win32.Build.0 = Debug|Any CPU
		{80C6F1FC-7A48-43F6-A2A4-969A359C2141}.Debug|x64.ActiveCfg = Debug|Any CPU
		{80C6F1FC-7A48-43F6-A2A4-969A359C2141}.Debug|x64.Build.0 = Debug|Any CPU
		{80C6F1FC-7A48-43F6-A2A4-969A359C2141}.Debug|x86.ActiveCfg = Debug|Any CPU
		{80C6F1FC-7A48-43F6-A2A4-969A359C2141}.DebugNonMFC|Any CPU.ActiveCfg = Debug|Any CPU
		{80C6F1FC-7A48-43F6-A2A4-969A359C2141}.DebugNonMFC|Any CPU.Build.0 = Debug|Any CPU
		{80C6F1FC-7A48-43F6-A2A4-969A359C2141}.DebugNonMFC|Mixed Platforms.ActiveCfg = Debug|Any CPU
		{80C6F1FC-7A48-43F6-A2A4-969A359C2141}.DebugNonMFC|Mixed Platforms.Build.0 = Debug|Any CPU
		{80C6F1FC-7A48-43F6-A2A4-969A359C2141}.DebugNonMFC|Win32.ActiveCfg = Debug|Any CPU
		{80C6F1FC-7A48-43F6-A2A4-969A359C2141}.DebugNonMFC|x64.ActiveCfg = Debug|Any CPU
		{80C6F1FC-7A48-43F6-A2A4-969A359C2141}.DebugNonMFC|x86.ActiveCfg = Debug|Any CPU
		{80C6F1FC-7A48-43F6-A2A4-969A359C2141}.Release|Any CPU.ActiveCfg = Release|Any CPU
		{80C6F1FC-7A48-43F6-A2A4-969A359C2141}.Release|Any CPU.Build.0 = Release|Any CPU
		{80C6F1FC-7A48-43F6-A2A4-969A359C2141}.Release|Mixed Platforms.ActiveCfg = Release|Any CPU
		{80C6F1FC-7A48-43F6-A2A4-969A359C2141}.Release|Mixed Platforms.Build.0 = Release|Any CPU
		{80C6F1FC-7A48-43F6-A2A4-969A359C2141}.Release|Win32.ActiveCfg = Release|Any CPU
		{80C6F1FC-7A48-43F6-A2A4-969A359C2141}.Release|Win32.Build.0 = Release|Any CPU
		{80C6F1FC-7A48-43F6-A2A4-969A359C2141}.Release|x64.ActiveCfg = Release|Any CPU
		{80C6F1FC-7A48-43F6-A2A4-969A359C2141}.Release|x64.Build.0 = Release|Any CPU
		{80C6F1FC-7A48-43F6-A2A4-969A359C2141}.Release|x86.ActiveCfg = Release|Any CPU
		{C156FF4E-CE2C-4106-8E4F-85087BB6CF0B}.Debug|Any CPU.ActiveCfg = Debug|x86
		{C156FF4E-CE2C-4106-8E4F-85087BB6CF0B}.Debug|Mixed Platforms.ActiveCfg = Debug|x86
		{C156FF4E-CE2C-4106-8E4F-85087BB6CF0B}.Debug|Mixed Platforms.Build.0 = Debug|x86
		{C156FF4E-CE2C-4106-8E4F-85087BB6CF0B}.Debug|Win32.ActiveCfg = Debug|x86
		{C156FF4E-CE2C-4106-8E4F-85087BB6CF0B}.Debug|Win32.Build.0 = Debug|x86
		{C156FF4E-CE2C-4106-8E4F-85087BB6CF0B}.Debug|x64.ActiveCfg = Debug|x86
		{C156FF4E-CE2C-4106-8E4F-85087BB6CF0B}.Debug|x64.Build.0 = Debug|x86
		{C156FF4E-CE2C-4106-8E4F-85087BB6CF0B}.Debug|x86.ActiveCfg = Debug|x86
		{C156FF4E-CE2C-4106-8E4F-85087BB6CF0B}.Debug|x86.Build.0 = Debug|x86
		{C156FF4E-CE2C-4106-8E4F-85087BB6CF0B}.DebugNonMFC|Any CPU.ActiveCfg = Debug|x86
		{C156FF4E-CE2C-4106-8E4F-85087BB6CF0B}.DebugNonMFC|Mixed Platforms.ActiveCfg = Debug|x86
		{C156FF4E-CE2C-4106-8E4F-85087BB6CF0B}.DebugNonMFC|Mixed Platforms.Build.0 = Debug|x86
		{C156FF4E-CE2C-4106-8E4F-85087BB6CF0B}.DebugNonMFC|Win32.ActiveCfg = Debug|x86
		{C156FF4E-CE2C-4106-8E4F-85087BB6CF0B}.DebugNonMFC|x64.ActiveCfg = Debug|x86
		{C156FF4E-CE2C-4106-8E4F-85087BB6CF0B}.DebugNonMFC|x86.ActiveCfg = Debug|x86
		{C156FF4E-CE2C-4106-8E4F-85087BB6CF0B}.DebugNonMFC|x86.Build.0 = Debug|x86
		{C156FF4E-CE2C-4106-8E4F-85087BB6CF0B}.Release|Any CPU.ActiveCfg = Release|x86
		{C156FF4E-CE2C-4106-8E4F-85087BB6CF0B}.Release|Mixed Platforms.ActiveCfg = Release|x86
		{C156FF4E-CE2C-4106-8E4F-85087BB6CF0B}.Release|Mixed Platforms.Build.0 = Release|x86
		{C156FF4E-CE2C-4106-8E4F-85087BB6CF0B}.Release|Win32.ActiveCfg = Release|x86
		{C156FF4E-CE2C-4106-8E4F-85087BB6CF0B}.Release|x64.ActiveCfg = Release|x86
		{C156FF4E-CE2C-4106-8E4F-85087BB6CF0B}.Release|x86.ActiveCfg = Release|x86
		{C156FF4E-CE2C-4106-8E4F-85087BB6CF0B}.Release|x86.Build.0 = Release|x86
	EndGlobalSection
	GlobalSection(SolutionProperties) = preSolution
		HideSolutionNode = FALSE
	EndGlobalSection
EndGlobal
