<?xml version="1.0" encoding="utf-8"?>
<Project ToolsVersion="4.0" xmlns="http://schemas.microsoft.com/developer/msbuild/2003">
  <ItemGroup>
    <Filter Include="Source Files">
      <UniqueIdentifier>{6b0bc224-373c-494f-abea-4ae8cc13c04f}</UniqueIdentifier>
      <Extensions>cpp;c;cxx;rc;def;r;odl;idl;hpj;bat</Extensions>
    </Filter>
    <Filter Include="Source Files\forcelibC">
      <UniqueIdentifier>{72d795ea-deeb-463a-b2fc-3325eec86e69}</UniqueIdentifier>
    </Filter>
    <Filter Include="Header Files">
      <UniqueIdentifier>{ffdc1e4a-332c-450a-aa2d-65ca9b894397}</UniqueIdentifier>
      <Extensions>h;hpp;hxx;hm;inl</Extensions>
    </Filter>
    <Filter Include="Header Files\forcelibH">
      <UniqueIdentifier>{838f7ed1-589f-4c79-acb8-2e68c3022d41}</UniqueIdentifier>
    </Filter>
    <Filter Include="Resource Files">
      <UniqueIdentifier>{c211e987-22b2-4bf6-abff-46d7fdd31795}</UniqueIdentifier>
      <Extensions>ico;cur;bmp;dlg;rc2;rct;bin;rgs;gif;jpg;jpeg;jpe</Extensions>
    </Filter>
  </ItemGroup>
  <ItemGroup>
    <ClCompile Include="main.cpp">
      <Filter>Source Files</Filter>
    </ClCompile>
    <ClCompile Include="forcelib\ForceLibrary.cpp">
      <Filter>Source Files\forcelibC</Filter>
    </ClCompile>
    <ClCompile Include="forcelib\TH32.cpp">
      <Filter>Source Files\forcelibC</Filter>
    </ClCompile>
  </ItemGroup>
  <ItemGroup>
    <ClInclude Include="forcelib\ForceLib.h">
      <Filter>Header Files\forcelibH</Filter>
    </ClInclude>
    <ClInclude Include="forcelib\TH32.h">
      <Filter>Header Files\forcelibH</Filter>
    </ClInclude>
  </ItemGroup>
  <ItemGroup>
    <ResourceCompile Include="resource.rc">
      <Filter>Resource Files</Filter>
    </ResourceCompile>
  </ItemGroup>
  <ItemGroup>
    <None Include="TatniumLoader.ico">
      <Filter>Resource Files</Filter>
    </None>
  </ItemGroup>
</Project>